{
  "object": {
    "pins": [
      {
        "package": "CodeScanner",
        "repositoryURL": "git@github.com:twostraws/CodeScanner.git",
        "state": {
          "branch": "main",
          "revision": "7f54819a103b744fdd4453c5a3a7616005614580",
          "version": null
        }
      },
      {
        "package": "ImagePickerView",
        "repositoryURL": "git@github.com:ralfebert/ImagePickerView.git",
        "state": {
          "branch": "master",
          "revision": "b84dd1c85a65cddba40c89699cd63ba0cb248dbd",
          "version": null
        }
      }
    ]
  },
  "version": 1
}
