PODS:
  - Alamofire (5.4.1)
  - AlamofireNetworkActivityIndicator (3.1.0):
    - Alamofire (~> 5.1)
  - Cache (6.0.0)
  - Moya (14.0.0):
    - Moya/Core (= 14.0.0)
  - Moya/Core (14.0.0):
    - Alamofire (~> 5.0)
  - Sentry (6.0.12):
    - Sentry/Core (= 6.0.12)
  - Sentry/Core (6.0.12)
  - SFSafeSymbols (2.1.1)
  - SwiftyUserDefaults (5.0.0)

DEPENDENCIES:
  - AlamofireNetworkActivityIndicator
  - Cache
  - Moya
  - Sentry
  - SFSafeSymbols
  - SwiftyUserDefaults

SPEC REPOS:
  trunk:
    - Alamofire
    - AlamofireNetworkActivityIndicator
    - Cache
    - Moya
    - Sentry
    - SFSafeSymbols
    - SwiftyUserDefaults

SPEC CHECKSUMS:
  Alamofire: 2291f7d21ca607c491dd17642e5d40fdcda0e65c
  AlamofireNetworkActivityIndicator: 6564782bd7b9e6c430ae67d9277af01907b01ca4
  Cache: 4ca7e00363fca5455f26534e5607634c820ffc2d
  Moya: 5b45dacb75adb009f97fde91c204c1e565d31916
  Sentry: 8ffcfe3416e0a58b90bb1ae319e8e8a13022a03e
  SFSafeSymbols: a59c8be7723dc03e4b73069de3f879368dd2835a
  SwiftyUserDefaults: 33fcb42bd1feb53a37d873feb62c82967db5f7f6

PODFILE CHECKSUM: 8578ae4867b03af86c398b6ec571fca6253a94cb

COCOAPODS: 1.8.4
