PODS:
  - Alamofire (4.9.0)
  - AlamofireNetworkActivityIndicator (2.4.0):
    - Alamofire (~> 4.8)
  - Cache (5.2.0)
  - Eureka (5.1.0)
  - JGProgressHUD (2.0.4)
  - Moya (13.0.1):
    - Moya/Core (= 13.0.1)
  - Moya/Core (13.0.1):
    - Alamofire (~> 4.1)
    - Result (~> 4.1)
  - ObjectMapper (3.5.1)
  - Result (4.1.0)
  - SDWebImage (5.2.2):
    - SDWebImage/Core (= 5.2.2)
  - SDWebImage/Core (5.2.2)
  - Sentry (4.4.0):
    - Sentry/Core (= 4.4.0)
  - Sentry/Core (4.4.0)
  - SwiftIconFont (3.0.0)
  - SwiftyJSON (5.0.0)
  - SwiftyUserDefaults (4.0.0)

DEPENDENCIES:
  - AlamofireNetworkActivityIndicator
  - Cache
  - Eureka
  - JGProgressHUD
  - Moya
  - ObjectMapper
  - SDWebImage
  - Sentry
  - SwiftIconFont
  - SwiftyJSON
  - SwiftyUserDefaults

SPEC REPOS:
  trunk:
    - Alamofire
    - AlamofireNetworkActivityIndicator
    - Cache
    - Eureka
    - JGProgressHUD
    - Moya
    - ObjectMapper
    - Result
    - SDWebImage
    - Sentry
    - SwiftIconFont
    - SwiftyJSON
    - SwiftyUserDefaults

SPEC CHECKSUMS:
  Alamofire: afc3e7c6db61476cb45cdd23fed06bad03bbc321
  AlamofireNetworkActivityIndicator: 9acc3de3ca6645bf0efed462396b0df13dd3e7b8
  Cache: 807c5d86d01a177f06ede9865add3aea269bbfd4
  Eureka: 18a5076dcf0c41f9cd9748aa1c42f4d11434bdae
  JGProgressHUD: 62658b14e72cccf179efc7a13bcb54d30b92fc22
  Moya: f4a4b80ff2f8a4ffc208dfb31cd91636622fee6e
  ObjectMapper: 70187b8941977c62ccfb423caf6b50be405cabf0
  Result: bd966fac789cc6c1563440b348ab2598cc24d5c7
  SDWebImage: 5fcdb02cc35e05fc35791ec514b191d27189f872
  Sentry: 26650184fe71eb7476dfd2737acb5ea6cc64b4b1
  SwiftIconFont: 2ba18554a77c44948dc35b561b344e3c23834a84
  SwiftyJSON: 36413e04c44ee145039d332b4f4e2d3e8d6c4db7
  SwiftyUserDefaults: 6a1951df1daa19337862b677dd9a4b9bd4c288cd

PODFILE CHECKSUM: b6dcc689ace8c1c85f820bcfaac8b408a09351e6

COCOAPODS: 1.8.1
