// !$*UTF8*$!
{
	archiveVersion = 1;
	classes = {
	};
	objectVersion = 51;
	objects = {

/* Begin PBXBuildFile section */
		0885AF398334605D156950A4 /* Pods_iosUITests.framework in Frameworks */ = {isa = PBXBuildFile; fileRef = C0F0E93A2E9B3C85EE9B8625 /* Pods_iosUITests.framework */; };
		0B870848298361EAEBB6FE2B /* Pods_iosTests.framework in Frameworks */ = {isa = PBXBuildFile; fileRef = F94E7B854A351C6ED73F9E25 /* Pods_iosTests.framework */; };
		73389BE416C0EBD011B3CCC3 /* Pods_ios.framework in Frameworks */ = {isa = PBXBuildFile; fileRef = A857AB0E614FF53223154E07 /* Pods_ios.framework */; };
		780D059E22D4395C00A5E9B3 /* HeadersPlugin.swift in Sources */ = {isa = PBXBuildFile; fileRef = 780D059D22D4395C00A5E9B3 /* HeadersPlugin.swift */; };
		780D05A022D43C2900A5E9B3 /* TrainList.swift in Sources */ = {isa = PBXBuildFile; fileRef = 780D059F22D43C2900A5E9B3 /* TrainList.swift */; };
		780D549F22D49E0B00FAB0E9 /* StationList.swift in Sources */ = {isa = PBXBuildFile; fileRef = 780D549E22D49E0B00FAB0E9 /* StationList.swift */; };
		780D54A422D4AB7F00FAB0E9 /* DiagramSearchController.swift in Sources */ = {isa = PBXBuildFile; fileRef = 780D54A322D4AB7F00FAB0E9 /* DiagramSearchController.swift */; };
		781BE74122D61A2400655BFD /* StationSearchController.swift in Sources */ = {isa = PBXBuildFile; fileRef = 781BE74022D61A2400655BFD /* StationSearchController.swift */; };
		781BE74322D6274300655BFD /* StationSearchRow.swift in Sources */ = {isa = PBXBuildFile; fileRef = 781BE74222D6274300655BFD /* StationSearchRow.swift */; };
		78CBCC3A22D37FA00027B916 /* MoeRailRequest.swift in Sources */ = {isa = PBXBuildFile; fileRef = 78CBCC3922D37FA00027B916 /* MoeRailRequest.swift */; };
		78CBCC3C22D380E80027B916 /* DynamicTrackingRequest.swift in Sources */ = {isa = PBXBuildFile; fileRef = 78CBCC3B22D380E80027B916 /* DynamicTrackingRequest.swift */; };
		78CBCC3F22D383B40027B916 /* MoeRailProvider.swift in Sources */ = {isa = PBXBuildFile; fileRef = 78CBCC3E22D383B40027B916 /* MoeRailProvider.swift */; };
		78FC255822D2423D00C5922E /* AppDelegate.swift in Sources */ = {isa = PBXBuildFile; fileRef = 78FC255722D2423D00C5922E /* AppDelegate.swift */; };
		78FC255A22D2423D00C5922E /* ViewController.swift in Sources */ = {isa = PBXBuildFile; fileRef = 78FC255922D2423D00C5922E /* ViewController.swift */; };
		78FC255D22D2423D00C5922E /* Main.storyboard in Resources */ = {isa = PBXBuildFile; fileRef = 78FC255B22D2423D00C5922E /* Main.storyboard */; };
		78FC255F22D2423E00C5922E /* Assets.xcassets in Resources */ = {isa = PBXBuildFile; fileRef = 78FC255E22D2423E00C5922E /* Assets.xcassets */; };
		78FC256222D2423E00C5922E /* LaunchScreen.storyboard in Resources */ = {isa = PBXBuildFile; fileRef = 78FC256022D2423E00C5922E /* LaunchScreen.storyboard */; };
		78FC256D22D2423E00C5922E /* iosTests.swift in Sources */ = {isa = PBXBuildFile; fileRef = 78FC256C22D2423E00C5922E /* iosTests.swift */; };
		78FC257822D2423E00C5922E /* iosUITests.swift in Sources */ = {isa = PBXBuildFile; fileRef = 78FC257722D2423E00C5922E /* iosUITests.swift */; };
/* End PBXBuildFile section */

/* Begin PBXContainerItemProxy section */
		78FC256922D2423E00C5922E /* PBXContainerItemProxy */ = {
			isa = PBXContainerItemProxy;
			containerPortal = 78FC254C22D2423D00C5922E /* Project object */;
			proxyType = 1;
			remoteGlobalIDString = 78FC255322D2423D00C5922E;
			remoteInfo = ios;
		};
		78FC257422D2423E00C5922E /* PBXContainerItemProxy */ = {
			isa = PBXContainerItemProxy;
			containerPortal = 78FC254C22D2423D00C5922E /* Project object */;
			proxyType = 1;
			remoteGlobalIDString = 78FC255322D2423D00C5922E;
			remoteInfo = ios;
		};
/* End PBXContainerItemProxy section */

/* Begin PBXFileReference section */
		0B0E782FA18F5073CE174311 /* Pods-iosTests.debug.xcconfig */ = {isa = PBXFileReference; includeInIndex = 1; lastKnownFileType = text.xcconfig; name = "Pods-iosTests.debug.xcconfig"; path = "Target Support Files/Pods-iosTests/Pods-iosTests.debug.xcconfig"; sourceTree = "<group>"; };
		2DD90AEBF9BDDA04402371D8 /* Pods-ios.debug.xcconfig */ = {isa = PBXFileReference; includeInIndex = 1; lastKnownFileType = text.xcconfig; name = "Pods-ios.debug.xcconfig"; path = "Target Support Files/Pods-ios/Pods-ios.debug.xcconfig"; sourceTree = "<group>"; };
		569697DBDA60D762AB40D36B /* Pods-iosTests.release.xcconfig */ = {isa = PBXFileReference; includeInIndex = 1; lastKnownFileType = text.xcconfig; name = "Pods-iosTests.release.xcconfig"; path = "Target Support Files/Pods-iosTests/Pods-iosTests.release.xcconfig"; sourceTree = "<group>"; };
		780D059D22D4395C00A5E9B3 /* HeadersPlugin.swift */ = {isa = PBXFileReference; lastKnownFileType = sourcecode.swift; path = HeadersPlugin.swift; sourceTree = "<group>"; };
		780D059F22D43C2900A5E9B3 /* TrainList.swift */ = {isa = PBXFileReference; lastKnownFileType = sourcecode.swift; path = TrainList.swift; sourceTree = "<group>"; };
		780D549E22D49E0B00FAB0E9 /* StationList.swift */ = {isa = PBXFileReference; lastKnownFileType = sourcecode.swift; path = StationList.swift; sourceTree = "<group>"; };
		780D54A322D4AB7F00FAB0E9 /* DiagramSearchController.swift */ = {isa = PBXFileReference; lastKnownFileType = sourcecode.swift; path = DiagramSearchController.swift; sourceTree = "<group>"; };
		781BE74022D61A2400655BFD /* StationSearchController.swift */ = {isa = PBXFileReference; lastKnownFileType = sourcecode.swift; path = StationSearchController.swift; sourceTree = "<group>"; };
		781BE74222D6274300655BFD /* StationSearchRow.swift */ = {isa = PBXFileReference; lastKnownFileType = sourcecode.swift; path = StationSearchRow.swift; sourceTree = "<group>"; };
		78CBCC3922D37FA00027B916 /* MoeRailRequest.swift */ = {isa = PBXFileReference; lastKnownFileType = sourcecode.swift; path = MoeRailRequest.swift; sourceTree = "<group>"; };
		78CBCC3B22D380E80027B916 /* DynamicTrackingRequest.swift */ = {isa = PBXFileReference; lastKnownFileType = sourcecode.swift; path = DynamicTrackingRequest.swift; sourceTree = "<group>"; };
		78CBCC3E22D383B40027B916 /* MoeRailProvider.swift */ = {isa = PBXFileReference; lastKnownFileType = sourcecode.swift; path = MoeRailProvider.swift; sourceTree = "<group>"; };
		78FC255422D2423D00C5922E /* ios.app */ = {isa = PBXFileReference; explicitFileType = wrapper.application; includeInIndex = 0; path = ios.app; sourceTree = BUILT_PRODUCTS_DIR; };
		78FC255722D2423D00C5922E /* AppDelegate.swift */ = {isa = PBXFileReference; lastKnownFileType = sourcecode.swift; path = AppDelegate.swift; sourceTree = "<group>"; };
		78FC255922D2423D00C5922E /* ViewController.swift */ = {isa = PBXFileReference; lastKnownFileType = sourcecode.swift; path = ViewController.swift; sourceTree = "<group>"; };
		78FC255C22D2423D00C5922E /* Base */ = {isa = PBXFileReference; lastKnownFileType = file.storyboard; name = Base; path = Base.lproj/Main.storyboard; sourceTree = "<group>"; };
		78FC255E22D2423E00C5922E /* Assets.xcassets */ = {isa = PBXFileReference; lastKnownFileType = folder.assetcatalog; path = Assets.xcassets; sourceTree = "<group>"; };
		78FC256122D2423E00C5922E /* Base */ = {isa = PBXFileReference; lastKnownFileType = file.storyboard; name = Base; path = Base.lproj/LaunchScreen.storyboard; sourceTree = "<group>"; };
		78FC256322D2423E00C5922E /* Info.plist */ = {isa = PBXFileReference; lastKnownFileType = text.plist.xml; path = Info.plist; sourceTree = "<group>"; };
		78FC256822D2423E00C5922E /* iosTests.xctest */ = {isa = PBXFileReference; explicitFileType = wrapper.cfbundle; includeInIndex = 0; path = iosTests.xctest; sourceTree = BUILT_PRODUCTS_DIR; };
		78FC256C22D2423E00C5922E /* iosTests.swift */ = {isa = PBXFileReference; lastKnownFileType = sourcecode.swift; path = iosTests.swift; sourceTree = "<group>"; };
		78FC256E22D2423E00C5922E /* Info.plist */ = {isa = PBXFileReference; lastKnownFileType = text.plist.xml; path = Info.plist; sourceTree = "<group>"; };
		78FC257322D2423E00C5922E /* iosUITests.xctest */ = {isa = PBXFileReference; explicitFileType = wrapper.cfbundle; includeInIndex = 0; path = iosUITests.xctest; sourceTree = BUILT_PRODUCTS_DIR; };
		78FC257722D2423E00C5922E /* iosUITests.swift */ = {isa = PBXFileReference; lastKnownFileType = sourcecode.swift; path = iosUITests.swift; sourceTree = "<group>"; };
		78FC257922D2423E00C5922E /* Info.plist */ = {isa = PBXFileReference; lastKnownFileType = text.plist.xml; path = Info.plist; sourceTree = "<group>"; };
		9AB845244F36419C63A2057A /* Pods-iosUITests.release.xcconfig */ = {isa = PBXFileReference; includeInIndex = 1; lastKnownFileType = text.xcconfig; name = "Pods-iosUITests.release.xcconfig"; path = "Target Support Files/Pods-iosUITests/Pods-iosUITests.release.xcconfig"; sourceTree = "<group>"; };
		A857AB0E614FF53223154E07 /* Pods_ios.framework */ = {isa = PBXFileReference; explicitFileType = wrapper.framework; includeInIndex = 0; path = Pods_ios.framework; sourceTree = BUILT_PRODUCTS_DIR; };
		BFA7466605774F8EFE9B02E0 /* Pods-ios.release.xcconfig */ = {isa = PBXFileReference; includeInIndex = 1; lastKnownFileType = text.xcconfig; name = "Pods-ios.release.xcconfig"; path = "Target Support Files/Pods-ios/Pods-ios.release.xcconfig"; sourceTree = "<group>"; };
		C0F0E93A2E9B3C85EE9B8625 /* Pods_iosUITests.framework */ = {isa = PBXFileReference; explicitFileType = wrapper.framework; includeInIndex = 0; path = Pods_iosUITests.framework; sourceTree = BUILT_PRODUCTS_DIR; };
		EAEC18C2DED79F50DAFD47DE /* Pods-iosUITests.debug.xcconfig */ = {isa = PBXFileReference; includeInIndex = 1; lastKnownFileType = text.xcconfig; name = "Pods-iosUITests.debug.xcconfig"; path = "Target Support Files/Pods-iosUITests/Pods-iosUITests.debug.xcconfig"; sourceTree = "<group>"; };
		F94E7B854A351C6ED73F9E25 /* Pods_iosTests.framework */ = {isa = PBXFileReference; explicitFileType = wrapper.framework; includeInIndex = 0; path = Pods_iosTests.framework; sourceTree = BUILT_PRODUCTS_DIR; };
/* End PBXFileReference section */

/* Begin PBXFrameworksBuildPhase section */
		78FC255122D2423D00C5922E /* Frameworks */ = {
			isa = PBXFrameworksBuildPhase;
			buildActionMask = 2147483647;
			files = (
				73389BE416C0EBD011B3CCC3 /* Pods_ios.framework in Frameworks */,
			);
			runOnlyForDeploymentPostprocessing = 0;
		};
		78FC256522D2423E00C5922E /* Frameworks */ = {
			isa = PBXFrameworksBuildPhase;
			buildActionMask = 2147483647;
			files = (
				0B870848298361EAEBB6FE2B /* Pods_iosTests.framework in Frameworks */,
			);
			runOnlyForDeploymentPostprocessing = 0;
		};
		78FC257022D2423E00C5922E /* Frameworks */ = {
			isa = PBXFrameworksBuildPhase;
			buildActionMask = 2147483647;
			files = (
				0885AF398334605D156950A4 /* Pods_iosUITests.framework in Frameworks */,
			);
			runOnlyForDeploymentPostprocessing = 0;
		};
/* End PBXFrameworksBuildPhase section */

/* Begin PBXGroup section */
		350999830F55867DD6B58332 /* Pods */ = {
			isa = PBXGroup;
			children = (
				2DD90AEBF9BDDA04402371D8 /* Pods-ios.debug.xcconfig */,
				BFA7466605774F8EFE9B02E0 /* Pods-ios.release.xcconfig */,
				0B0E782FA18F5073CE174311 /* Pods-iosTests.debug.xcconfig */,
				569697DBDA60D762AB40D36B /* Pods-iosTests.release.xcconfig */,
				EAEC18C2DED79F50DAFD47DE /* Pods-iosUITests.debug.xcconfig */,
				9AB845244F36419C63A2057A /* Pods-iosUITests.release.xcconfig */,
			);
			path = Pods;
			sourceTree = "<group>";
		};
		780D54A222D4AB6E00FAB0E9 /* Controller */ = {
			isa = PBXGroup;
			children = (
				780D54A322D4AB7F00FAB0E9 /* DiagramSearchController.swift */,
				781BE74022D61A2400655BFD /* StationSearchController.swift */,
				781BE74222D6274300655BFD /* StationSearchRow.swift */,
			);
			path = Controller;
			sourceTree = "<group>";
		};
		78CBCC3822D37F120027B916 /* Request */ = {
			isa = PBXGroup;
			children = (
				78CBCC3922D37FA00027B916 /* MoeRailRequest.swift */,
				78CBCC3B22D380E80027B916 /* DynamicTrackingRequest.swift */,
			);
			path = Request;
			sourceTree = "<group>";
		};
		78CBCC3D22D383A60027B916 /* Provider */ = {
			isa = PBXGroup;
			children = (
				78CBCC3E22D383B40027B916 /* MoeRailProvider.swift */,
			);
			path = Provider;
			sourceTree = "<group>";
		};
		78CBCC4022D383EB0027B916 /* Model */ = {
			isa = PBXGroup;
			children = (
				780D059F22D43C2900A5E9B3 /* TrainList.swift */,
				780D549E22D49E0B00FAB0E9 /* StationList.swift */,
			);
			path = Model;
			sourceTree = "<group>";
		};
		78FC254B22D2423C00C5922E = {
			isa = PBXGroup;
			children = (
				78FC255622D2423D00C5922E /* ios */,
				78FC256B22D2423E00C5922E /* iosTests */,
				78FC257622D2423E00C5922E /* iosUITests */,
				78FC255522D2423D00C5922E /* Products */,
				350999830F55867DD6B58332 /* Pods */,
				90424A0FEF12D4523D38B40D /* Frameworks */,
			);
			sourceTree = "<group>";
		};
		78FC255522D2423D00C5922E /* Products */ = {
			isa = PBXGroup;
			children = (
				78FC255422D2423D00C5922E /* ios.app */,
				78FC256822D2423E00C5922E /* iosTests.xctest */,
				78FC257322D2423E00C5922E /* iosUITests.xctest */,
			);
			name = Products;
			sourceTree = "<group>";
		};
		78FC255622D2423D00C5922E /* ios */ = {
			isa = PBXGroup;
			children = (
				780D54A222D4AB6E00FAB0E9 /* Controller */,
				78CBCC4022D383EB0027B916 /* Model */,
				78CBCC3D22D383A60027B916 /* Provider */,
				78CBCC3822D37F120027B916 /* Request */,
				78FC255722D2423D00C5922E /* AppDelegate.swift */,
				78FC255922D2423D00C5922E /* ViewController.swift */,
				78FC255B22D2423D00C5922E /* Main.storyboard */,
				78FC255E22D2423E00C5922E /* Assets.xcassets */,
				78FC256022D2423E00C5922E /* LaunchScreen.storyboard */,
				78FC256322D2423E00C5922E /* Info.plist */,
				780D059D22D4395C00A5E9B3 /* HeadersPlugin.swift */,
			);
			path = ios;
			sourceTree = "<group>";
		};
		78FC256B22D2423E00C5922E /* iosTests */ = {
			isa = PBXGroup;
			children = (
				78FC256C22D2423E00C5922E /* iosTests.swift */,
				78FC256E22D2423E00C5922E /* Info.plist */,
			);
			path = iosTests;
			sourceTree = "<group>";
		};
		78FC257622D2423E00C5922E /* iosUITests */ = {
			isa = PBXGroup;
			children = (
				78FC257722D2423E00C5922E /* iosUITests.swift */,
				78FC257922D2423E00C5922E /* Info.plist */,
			);
			path = iosUITests;
			sourceTree = "<group>";
		};
		90424A0FEF12D4523D38B40D /* Frameworks */ = {
			isa = PBXGroup;
			children = (
				A857AB0E614FF53223154E07 /* Pods_ios.framework */,
				F94E7B854A351C6ED73F9E25 /* Pods_iosTests.framework */,
				C0F0E93A2E9B3C85EE9B8625 /* Pods_iosUITests.framework */,
			);
			name = Frameworks;
			sourceTree = "<group>";
		};
/* End PBXGroup section */

/* Begin PBXNativeTarget section */
		78FC255322D2423D00C5922E /* ios */ = {
			isa = PBXNativeTarget;
			buildConfigurationList = 78FC257C22D2423E00C5922E /* Build configuration list for PBXNativeTarget "ios" */;
			buildPhases = (
				8C5D31E11A491E3662F2DD71 /* [CP] Check Pods Manifest.lock */,
				78FC255022D2423D00C5922E /* Sources */,
				78FC255122D2423D00C5922E /* Frameworks */,
				78FC255222D2423D00C5922E /* Resources */,
				4461813A24A16BBEED793A82 /* [CP] Embed Pods Frameworks */,
			);
			buildRules = (
			);
			dependencies = (
			);
			name = ios;
			productName = ios;
			productReference = 78FC255422D2423D00C5922E /* ios.app */;
			productType = "com.apple.product-type.application";
		};
		78FC256722D2423E00C5922E /* iosTests */ = {
			isa = PBXNativeTarget;
			buildConfigurationList = 78FC257F22D2423E00C5922E /* Build configuration list for PBXNativeTarget "iosTests" */;
			buildPhases = (
				8B91BED58D0FAA4BFBDC26A7 /* [CP] Check Pods Manifest.lock */,
				78FC256422D2423E00C5922E /* Sources */,
				78FC256522D2423E00C5922E /* Frameworks */,
				78FC256622D2423E00C5922E /* Resources */,
			);
			buildRules = (
			);
			dependencies = (
				78FC256A22D2423E00C5922E /* PBXTargetDependency */,
			);
			name = iosTests;
			productName = iosTests;
			productReference = 78FC256822D2423E00C5922E /* iosTests.xctest */;
			productType = "com.apple.product-type.bundle.unit-test";
		};
		78FC257222D2423E00C5922E /* iosUITests */ = {
			isa = PBXNativeTarget;
			buildConfigurationList = 78FC258222D2423E00C5922E /* Build configuration list for PBXNativeTarget "iosUITests" */;
			buildPhases = (
				89FB00644BC456279D562F84 /* [CP] Check Pods Manifest.lock */,
				78FC256F22D2423E00C5922E /* Sources */,
				78FC257022D2423E00C5922E /* Frameworks */,
				78FC257122D2423E00C5922E /* Resources */,
			);
			buildRules = (
			);
			dependencies = (
				78FC257522D2423E00C5922E /* PBXTargetDependency */,
			);
			name = iosUITests;
			productName = iosUITests;
			productReference = 78FC257322D2423E00C5922E /* iosUITests.xctest */;
			productType = "com.apple.product-type.bundle.ui-testing";
		};
/* End PBXNativeTarget section */

/* Begin PBXProject section */
		78FC254C22D2423D00C5922E /* Project object */ = {
			isa = PBXProject;
			attributes = {
				LastSwiftUpdateCheck = 1020;
				LastUpgradeCheck = 1020;
				ORGANIZATIONNAME = hqy2000;
				TargetAttributes = {
					78FC255322D2423D00C5922E = {
						CreatedOnToolsVersion = 10.2.1;
					};
					78FC256722D2423E00C5922E = {
						CreatedOnToolsVersion = 10.2.1;
						TestTargetID = 78FC255322D2423D00C5922E;
					};
					78FC257222D2423E00C5922E = {
						CreatedOnToolsVersion = 10.2.1;
						TestTargetID = 78FC255322D2423D00C5922E;
					};
				};
			};
			buildConfigurationList = 78FC254F22D2423D00C5922E /* Build configuration list for PBXProject "ios" */;
			compatibilityVersion = "Xcode 9.3";
			developmentRegion = en;
			hasScannedForEncodings = 0;
			knownRegions = (
				en,
				Base,
			);
			mainGroup = 78FC254B22D2423C00C5922E;
			productRefGroup = 78FC255522D2423D00C5922E /* Products */;
			projectDirPath = "";
			projectRoot = "";
			targets = (
				78FC255322D2423D00C5922E /* ios */,
				78FC256722D2423E00C5922E /* iosTests */,
				78FC257222D2423E00C5922E /* iosUITests */,
			);
		};
/* End PBXProject section */

/* Begin PBXResourcesBuildPhase section */
		78FC255222D2423D00C5922E /* Resources */ = {
			isa = PBXResourcesBuildPhase;
			buildActionMask = 2147483647;
			files = (
				78FC256222D2423E00C5922E /* LaunchScreen.storyboard in Resources */,
				78FC255F22D2423E00C5922E /* Assets.xcassets in Resources */,
				78FC255D22D2423D00C5922E /* Main.storyboard in Resources */,
			);
			runOnlyForDeploymentPostprocessing = 0;
		};
		78FC256622D2423E00C5922E /* Resources */ = {
			isa = PBXResourcesBuildPhase;
			buildActionMask = 2147483647;
			files = (
			);
			runOnlyForDeploymentPostprocessing = 0;
		};
		78FC257122D2423E00C5922E /* Resources */ = {
			isa = PBXResourcesBuildPhase;
			buildActionMask = 2147483647;
			files = (
			);
			runOnlyForDeploymentPostprocessing = 0;
		};
/* End PBXResourcesBuildPhase section */

/* Begin PBXShellScriptBuildPhase section */
		4461813A24A16BBEED793A82 /* [CP] Embed Pods Frameworks */ = {
			isa = PBXShellScriptBuildPhase;
			buildActionMask = 2147483647;
			files = (
			);
			inputFileListPaths = (
				"${PODS_ROOT}/Target Support Files/Pods-ios/Pods-ios-frameworks-${CONFIGURATION}-input-files.xcfilelist",
			);
			name = "[CP] Embed Pods Frameworks";
			outputFileListPaths = (
				"${PODS_ROOT}/Target Support Files/Pods-ios/Pods-ios-frameworks-${CONFIGURATION}-output-files.xcfilelist",
			);
			runOnlyForDeploymentPostprocessing = 0;
			shellPath = /bin/sh;
			shellScript = "\"${PODS_ROOT}/Target Support Files/Pods-ios/Pods-ios-frameworks.sh\"\n";
			showEnvVarsInLog = 0;
		};
		89FB00644BC456279D562F84 /* [CP] Check Pods Manifest.lock */ = {
			isa = PBXShellScriptBuildPhase;
			buildActionMask = 2147483647;
			files = (
			);
			inputFileListPaths = (
			);
			inputPaths = (
				"${PODS_PODFILE_DIR_PATH}/Podfile.lock",
				"${PODS_ROOT}/Manifest.lock",
			);
			name = "[CP] Check Pods Manifest.lock";
			outputFileListPaths = (
			);
			outputPaths = (
				"$(DERIVED_FILE_DIR)/Pods-iosUITests-checkManifestLockResult.txt",
			);
			runOnlyForDeploymentPostprocessing = 0;
			shellPath = /bin/sh;
			shellScript = "diff \"${PODS_PODFILE_DIR_PATH}/Podfile.lock\" \"${PODS_ROOT}/Manifest.lock\" > /dev/null\nif [ $? != 0 ] ; then\n    # print error to STDERR\n    echo \"error: The sandbox is not in sync with the Podfile.lock. Run 'pod install' or update your CocoaPods installation.\" >&2\n    exit 1\nfi\n# This output is used by Xcode 'outputs' to avoid re-running this script phase.\necho \"SUCCESS\" > \"${SCRIPT_OUTPUT_FILE_0}\"\n";
			showEnvVarsInLog = 0;
		};
		8B91BED58D0FAA4BFBDC26A7 /* [CP] Check Pods Manifest.lock */ = {
			isa = PBXShellScriptBuildPhase;
			buildActionMask = 2147483647;
			files = (
			);
			inputFileListPaths = (
			);
			inputPaths = (
				"${PODS_PODFILE_DIR_PATH}/Podfile.lock",
				"${PODS_ROOT}/Manifest.lock",
			);
			name = "[CP] Check Pods Manifest.lock";
			outputFileListPaths = (
			);
			outputPaths = (
				"$(DERIVED_FILE_DIR)/Pods-iosTests-checkManifestLockResult.txt",
			);
			runOnlyForDeploymentPostprocessing = 0;
			shellPath = /bin/sh;
			shellScript = "diff \"${PODS_PODFILE_DIR_PATH}/Podfile.lock\" \"${PODS_ROOT}/Manifest.lock\" > /dev/null\nif [ $? != 0 ] ; then\n    # print error to STDERR\n    echo \"error: The sandbox is not in sync with the Podfile.lock. Run 'pod install' or update your CocoaPods installation.\" >&2\n    exit 1\nfi\n# This output is used by Xcode 'outputs' to avoid re-running this script phase.\necho \"SUCCESS\" > \"${SCRIPT_OUTPUT_FILE_0}\"\n";
			showEnvVarsInLog = 0;
		};
		8C5D31E11A491E3662F2DD71 /* [CP] Check Pods Manifest.lock */ = {
			isa = PBXShellScriptBuildPhase;
			buildActionMask = 2147483647;
			files = (
			);
			inputFileListPaths = (
			);
			inputPaths = (
				"${PODS_PODFILE_DIR_PATH}/Podfile.lock",
				"${PODS_ROOT}/Manifest.lock",
			);
			name = "[CP] Check Pods Manifest.lock";
			outputFileListPaths = (
			);
			outputPaths = (
				"$(DERIVED_FILE_DIR)/Pods-ios-checkManifestLockResult.txt",
			);
			runOnlyForDeploymentPostprocessing = 0;
			shellPath = /bin/sh;
			shellScript = "diff \"${PODS_PODFILE_DIR_PATH}/Podfile.lock\" \"${PODS_ROOT}/Manifest.lock\" > /dev/null\nif [ $? != 0 ] ; then\n    # print error to STDERR\n    echo \"error: The sandbox is not in sync with the Podfile.lock. Run 'pod install' or update your CocoaPods installation.\" >&2\n    exit 1\nfi\n# This output is used by Xcode 'outputs' to avoid re-running this script phase.\necho \"SUCCESS\" > \"${SCRIPT_OUTPUT_FILE_0}\"\n";
			showEnvVarsInLog = 0;
		};
/* End PBXShellScriptBuildPhase section */

/* Begin PBXSourcesBuildPhase section */
		78FC255022D2423D00C5922E /* Sources */ = {
			isa = PBXSourcesBuildPhase;
			buildActionMask = 2147483647;
			files = (
				78CBCC3C22D380E80027B916 /* DynamicTrackingRequest.swift in Sources */,
				78FC255A22D2423D00C5922E /* ViewController.swift in Sources */,
				781BE74122D61A2400655BFD /* StationSearchController.swift in Sources */,
				781BE74322D6274300655BFD /* StationSearchRow.swift in Sources */,
				780D549F22D49E0B00FAB0E9 /* StationList.swift in Sources */,
				78CBCC3F22D383B40027B916 /* MoeRailProvider.swift in Sources */,
				780D059E22D4395C00A5E9B3 /* HeadersPlugin.swift in Sources */,
				780D05A022D43C2900A5E9B3 /* TrainList.swift in Sources */,
				78CBCC3A22D37FA00027B916 /* MoeRailRequest.swift in Sources */,
				78FC255822D2423D00C5922E /* AppDelegate.swift in Sources */,
				780D54A422D4AB7F00FAB0E9 /* DiagramSearchController.swift in Sources */,
			);
			runOnlyForDeploymentPostprocessing = 0;
		};
		78FC256422D2423E00C5922E /* Sources */ = {
			isa = PBXSourcesBuildPhase;
			buildActionMask = 2147483647;
			files = (
				78FC256D22D2423E00C5922E /* iosTests.swift in Sources */,
			);
			runOnlyForDeploymentPostprocessing = 0;
		};
		78FC256F22D2423E00C5922E /* Sources */ = {
			isa = PBXSourcesBuildPhase;
			buildActionMask = 2147483647;
			files = (
				78FC257822D2423E00C5922E /* iosUITests.swift in Sources */,
			);
			runOnlyForDeploymentPostprocessing = 0;
		};
/* End PBXSourcesBuildPhase section */

/* Begin PBXTargetDependency section */
		78FC256A22D2423E00C5922E /* PBXTargetDependency */ = {
			isa = PBXTargetDependency;
			target = 78FC255322D2423D00C5922E /* ios */;
			targetProxy = 78FC256922D2423E00C5922E /* PBXContainerItemProxy */;
		};
		78FC257522D2423E00C5922E /* PBXTargetDependency */ = {
			isa = PBXTargetDependency;
			target = 78FC255322D2423D00C5922E /* ios */;
			targetProxy = 78FC257422D2423E00C5922E /* PBXContainerItemProxy */;
		};
/* End PBXTargetDependency section */

/* Begin PBXVariantGroup section */
		78FC255B22D2423D00C5922E /* Main.storyboard */ = {
			isa = PBXVariantGroup;
			children = (
				78FC255C22D2423D00C5922E /* Base */,
			);
			name = Main.storyboard;
			sourceTree = "<group>";
		};
		78FC256022D2423E00C5922E /* LaunchScreen.storyboard */ = {
			isa = PBXVariantGroup;
			children = (
				78FC256122D2423E00C5922E /* Base */,
			);
			name = LaunchScreen.storyboard;
			sourceTree = "<group>";
		};
/* End PBXVariantGroup section */

/* Begin XCBuildConfiguration section */
		78FC257A22D2423E00C5922E /* Debug */ = {
			isa = XCBuildConfiguration;
			buildSettings = {
				ALWAYS_SEARCH_USER_PATHS = NO;
				CLANG_ANALYZER_NONNULL = YES;
				CLANG_ANALYZER_NUMBER_OBJECT_CONVERSION = YES_AGGRESSIVE;
				CLANG_CXX_LANGUAGE_STANDARD = "gnu++14";
				CLANG_CXX_LIBRARY = "libc++";
				CLANG_ENABLE_MODULES = YES;
				CLANG_ENABLE_OBJC_ARC = YES;
				CLANG_ENABLE_OBJC_WEAK = YES;
				CLANG_WARN_BLOCK_CAPTURE_AUTORELEASING = YES;
				CLANG_WARN_BOOL_CONVERSION = YES;
				CLANG_WARN_COMMA = YES;
				CLANG_WARN_CONSTANT_CONVERSION = YES;
				CLANG_WARN_DEPRECATED_OBJC_IMPLEMENTATIONS = YES;
				CLANG_WARN_DIRECT_OBJC_ISA_USAGE = YES_ERROR;
				CLANG_WARN_DOCUMENTATION_COMMENTS = YES;
				CLANG_WARN_EMPTY_BODY = YES;
				CLANG_WARN_ENUM_CONVERSION = YES;
				CLANG_WARN_INFINITE_RECURSION = YES;
				CLANG_WARN_INT_CONVERSION = YES;
				CLANG_WARN_NON_LITERAL_NULL_CONVERSION = YES;
				CLANG_WARN_OBJC_IMPLICIT_RETAIN_SELF = YES;
				CLANG_WARN_OBJC_LITERAL_CONVERSION = YES;
				CLANG_WARN_OBJC_ROOT_CLASS = YES_ERROR;
				CLANG_WARN_RANGE_LOOP_ANALYSIS = YES;
				CLANG_WARN_STRICT_PROTOTYPES = YES;
				CLANG_WARN_SUSPICIOUS_MOVE = YES;
				CLANG_WARN_UNGUARDED_AVAILABILITY = YES_AGGRESSIVE;
				CLANG_WARN_UNREACHABLE_CODE = YES;
				CLANG_WARN__DUPLICATE_METHOD_MATCH = YES;
				CODE_SIGN_IDENTITY = "iPhone Developer";
				COPY_PHASE_STRIP = NO;
				DEBUG_INFORMATION_FORMAT = dwarf;
				ENABLE_STRICT_OBJC_MSGSEND = YES;
				ENABLE_TESTABILITY = YES;
				GCC_C_LANGUAGE_STANDARD = gnu11;
				GCC_DYNAMIC_NO_PIC = NO;
				GCC_NO_COMMON_BLOCKS = YES;
				GCC_OPTIMIZATION_LEVEL = 0;
				GCC_PREPROCESSOR_DEFINITIONS = (
					"DEBUG=1",
					"$(inherited)",
				);
				GCC_WARN_64_TO_32_BIT_CONVERSION = YES;
				GCC_WARN_ABOUT_RETURN_TYPE = YES_ERROR;
				GCC_WARN_UNDECLARED_SELECTOR = YES;
				GCC_WARN_UNINITIALIZED_AUTOS = YES_AGGRESSIVE;
				GCC_WARN_UNUSED_FUNCTION = YES;
				GCC_WARN_UNUSED_VARIABLE = YES;
				IPHONEOS_DEPLOYMENT_TARGET = 12.2;
				MTL_ENABLE_DEBUG_INFO = INCLUDE_SOURCE;
				MTL_FAST_MATH = YES;
				ONLY_ACTIVE_ARCH = YES;
				SDKROOT = iphoneos;
				SWIFT_ACTIVE_COMPILATION_CONDITIONS = DEBUG;
				SWIFT_OPTIMIZATION_LEVEL = "-Onone";
			};
			name = Debug;
		};
		78FC257B22D2423E00C5922E /* Release */ = {
			isa = XCBuildConfiguration;
			buildSettings = {
				ALWAYS_SEARCH_USER_PATHS = NO;
				CLANG_ANALYZER_NONNULL = YES;
				CLANG_ANALYZER_NUMBER_OBJECT_CONVERSION = YES_AGGRESSIVE;
				CLANG_CXX_LANGUAGE_STANDARD = "gnu++14";
				CLANG_CXX_LIBRARY = "libc++";
				CLANG_ENABLE_MODULES = YES;
				CLANG_ENABLE_OBJC_ARC = YES;
				CLANG_ENABLE_OBJC_WEAK = YES;
				CLANG_WARN_BLOCK_CAPTURE_AUTORELEASING = YES;
				CLANG_WARN_BOOL_CONVERSION = YES;
				CLANG_WARN_COMMA = YES;
				CLANG_WARN_CONSTANT_CONVERSION = YES;
				CLANG_WARN_DEPRECATED_OBJC_IMPLEMENTATIONS = YES;
				CLANG_WARN_DIRECT_OBJC_ISA_USAGE = YES_ERROR;
				CLANG_WARN_DOCUMENTATION_COMMENTS = YES;
				CLANG_WARN_EMPTY_BODY = YES;
				CLANG_WARN_ENUM_CONVERSION = YES;
				CLANG_WARN_INFINITE_RECURSION = YES;
				CLANG_WARN_INT_CONVERSION = YES;
				CLANG_WARN_NON_LITERAL_NULL_CONVERSION = YES;
				CLANG_WARN_OBJC_IMPLICIT_RETAIN_SELF = YES;
				CLANG_WARN_OBJC_LITERAL_CONVERSION = YES;
				CLANG_WARN_OBJC_ROOT_CLASS = YES_ERROR;
				CLANG_WARN_RANGE_LOOP_ANALYSIS = YES;
				CLANG_WARN_STRICT_PROTOTYPES = YES;
				CLANG_WARN_SUSPICIOUS_MOVE = YES;
				CLANG_WARN_UNGUARDED_AVAILABILITY = YES_AGGRESSIVE;
				CLANG_WARN_UNREACHABLE_CODE = YES;
				CLANG_WARN__DUPLICATE_METHOD_MATCH = YES;
				CODE_SIGN_IDENTITY = "iPhone Developer";
				COPY_PHASE_STRIP = NO;
				DEBUG_INFORMATION_FORMAT = "dwarf-with-dsym";
				ENABLE_NS_ASSERTIONS = NO;
				ENABLE_STRICT_OBJC_MSGSEND = YES;
				GCC_C_LANGUAGE_STANDARD = gnu11;
				GCC_NO_COMMON_BLOCKS = YES;
				GCC_WARN_64_TO_32_BIT_CONVERSION = YES;
				GCC_WARN_ABOUT_RETURN_TYPE = YES_ERROR;
				GCC_WARN_UNDECLARED_SELECTOR = YES;
				GCC_WARN_UNINITIALIZED_AUTOS = YES_AGGRESSIVE;
				GCC_WARN_UNUSED_FUNCTION = YES;
				GCC_WARN_UNUSED_VARIABLE = YES;
				IPHONEOS_DEPLOYMENT_TARGET = 12.2;
				MTL_ENABLE_DEBUG_INFO = NO;
				MTL_FAST_MATH = YES;
				SDKROOT = iphoneos;
				SWIFT_COMPILATION_MODE = wholemodule;
				SWIFT_OPTIMIZATION_LEVEL = "-O";
				VALIDATE_PRODUCT = YES;
			};
			name = Release;
		};
		78FC257D22D2423E00C5922E /* Debug */ = {
			isa = XCBuildConfiguration;
			baseConfigurationReference = 2DD90AEBF9BDDA04402371D8 /* Pods-ios.debug.xcconfig */;
			buildSettings = {
				ASSETCATALOG_COMPILER_APPICON_NAME = AppIcon;
				CODE_SIGN_STYLE = Automatic;
				DEVELOPMENT_TEAM = K2P3533G4D;
				INFOPLIST_FILE = ios/Info.plist;
				LD_RUNPATH_SEARCH_PATHS = (
					"$(inherited)",
					"@executable_path/Frameworks",
				);
				PRODUCT_BUNDLE_IDENTIFIER = moe.railway.ios;
				PRODUCT_NAME = "$(TARGET_NAME)";
				SWIFT_VERSION = 5.0;
				TARGETED_DEVICE_FAMILY = "1,2";
			};
			name = Debug;
		};
		78FC257E22D2423E00C5922E /* Release */ = {
			isa = XCBuildConfiguration;
			baseConfigurationReference = BFA7466605774F8EFE9B02E0 /* Pods-ios.release.xcconfig */;
			buildSettings = {
				ASSETCATALOG_COMPILER_APPICON_NAME = AppIcon;
				CODE_SIGN_STYLE = Automatic;
				DEVELOPMENT_TEAM = K2P3533G4D;
				INFOPLIST_FILE = ios/Info.plist;
				LD_RUNPATH_SEARCH_PATHS = (
					"$(inherited)",
					"@executable_path/Frameworks",
				);
				PRODUCT_BUNDLE_IDENTIFIER = moe.railway.ios;
				PRODUCT_NAME = "$(TARGET_NAME)";
				SWIFT_VERSION = 5.0;
				TARGETED_DEVICE_FAMILY = "1,2";
			};
			name = Release;
		};
		78FC258022D2423E00C5922E /* Debug */ = {
			isa = XCBuildConfiguration;
			baseConfigurationReference = 0B0E782FA18F5073CE174311 /* Pods-iosTests.debug.xcconfig */;
			buildSettings = {
				ALWAYS_EMBED_SWIFT_STANDARD_LIBRARIES = YES;
				BUNDLE_LOADER = "$(TEST_HOST)";
				CODE_SIGN_STYLE = Automatic;
				DEVELOPMENT_TEAM = K2P3533G4D;
				INFOPLIST_FILE = iosTests/Info.plist;
				LD_RUNPATH_SEARCH_PATHS = (
					"$(inherited)",
					"@executable_path/Frameworks",
					"@loader_path/Frameworks",
				);
				PRODUCT_BUNDLE_IDENTIFIER = moe.railway.iosTests;
				PRODUCT_NAME = "$(TARGET_NAME)";
				SWIFT_VERSION = 5.0;
				TARGETED_DEVICE_FAMILY = "1,2";
				TEST_HOST = "$(BUILT_PRODUCTS_DIR)/ios.app/ios";
			};
			name = Debug;
		};
		78FC258122D2423E00C5922E /* Release */ = {
			isa = XCBuildConfiguration;
			baseConfigurationReference = 569697DBDA60D762AB40D36B /* Pods-iosTests.release.xcconfig */;
			buildSettings = {
				ALWAYS_EMBED_SWIFT_STANDARD_LIBRARIES = YES;
				BUNDLE_LOADER = "$(TEST_HOST)";
				CODE_SIGN_STYLE = Automatic;
				DEVELOPMENT_TEAM = K2P3533G4D;
				INFOPLIST_FILE = iosTests/Info.plist;
				LD_RUNPATH_SEARCH_PATHS = (
					"$(inherited)",
					"@executable_path/Frameworks",
					"@loader_path/Frameworks",
				);
				PRODUCT_BUNDLE_IDENTIFIER = moe.railway.iosTests;
				PRODUCT_NAME = "$(TARGET_NAME)";
				SWIFT_VERSION = 5.0;
				TARGETED_DEVICE_FAMILY = "1,2";
				TEST_HOST = "$(BUILT_PRODUCTS_DIR)/ios.app/ios";
			};
			name = Release;
		};
		78FC258322D2423E00C5922E /* Debug */ = {
			isa = XCBuildConfiguration;
			baseConfigurationReference = EAEC18C2DED79F50DAFD47DE /* Pods-iosUITests.debug.xcconfig */;
			buildSettings = {
				ALWAYS_EMBED_SWIFT_STANDARD_LIBRARIES = YES;
				CODE_SIGN_STYLE = Automatic;
				DEVELOPMENT_TEAM = K2P3533G4D;
				INFOPLIST_FILE = iosUITests/Info.plist;
				LD_RUNPATH_SEARCH_PATHS = (
					"$(inherited)",
					"@executable_path/Frameworks",
					"@loader_path/Frameworks",
				);
				PRODUCT_BUNDLE_IDENTIFIER = moe.railway.iosUITests;
				PRODUCT_NAME = "$(TARGET_NAME)";
				SWIFT_VERSION = 5.0;
				TARGETED_DEVICE_FAMILY = "1,2";
				TEST_TARGET_NAME = ios;
			};
			name = Debug;
		};
		78FC258422D2423E00C5922E /* Release */ = {
			isa = XCBuildConfiguration;
			baseConfigurationReference = 9AB845244F36419C63A2057A /* Pods-iosUITests.release.xcconfig */;
			buildSettings = {
				ALWAYS_EMBED_SWIFT_STANDARD_LIBRARIES = YES;
				CODE_SIGN_STYLE = Automatic;
				DEVELOPMENT_TEAM = K2P3533G4D;
				INFOPLIST_FILE = iosUITests/Info.plist;
				LD_RUNPATH_SEARCH_PATHS = (
					"$(inherited)",
					"@executable_path/Frameworks",
					"@loader_path/Frameworks",
				);
				PRODUCT_BUNDLE_IDENTIFIER = moe.railway.iosUITests;
				PRODUCT_NAME = "$(TARGET_NAME)";
				SWIFT_VERSION = 5.0;
				TARGETED_DEVICE_FAMILY = "1,2";
				TEST_TARGET_NAME = ios;
			};
			name = Release;
		};
/* End XCBuildConfiguration section */

/* Begin XCConfigurationList section */
		78FC254F22D2423D00C5922E /* Build configuration list for PBXProject "ios" */ = {
			isa = XCConfigurationList;
			buildConfigurations = (
				78FC257A22D2423E00C5922E /* Debug */,
				78FC257B22D2423E00C5922E /* Release */,
			);
			defaultConfigurationIsVisible = 0;
			defaultConfigurationName = Release;
		};
		78FC257C22D2423E00C5922E /* Build configuration list for PBXNativeTarget "ios" */ = {
			isa = XCConfigurationList;
			buildConfigurations = (
				78FC257D22D2423E00C5922E /* Debug */,
				78FC257E22D2423E00C5922E /* Release */,
			);
			defaultConfigurationIsVisible = 0;
			defaultConfigurationName = Release;
		};
		78FC257F22D2423E00C5922E /* Build configuration list for PBXNativeTarget "iosTests" */ = {
			isa = XCConfigurationList;
			buildConfigurations = (
				78FC258022D2423E00C5922E /* Debug */,
				78FC258122D2423E00C5922E /* Release */,
			);
			defaultConfigurationIsVisible = 0;
			defaultConfigurationName = Release;
		};
		78FC258222D2423E00C5922E /* Build configuration list for PBXNativeTarget "iosUITests" */ = {
			isa = XCConfigurationList;
			buildConfigurations = (
				78FC258322D2423E00C5922E /* Debug */,
				78FC258422D2423E00C5922E /* Release */,
			);
			defaultConfigurationIsVisible = 0;
			defaultConfigurationName = Release;
		};
/* End XCConfigurationList section */
	};
	rootObject = 78FC254C22D2423D00C5922E /* Project object */;
}
